// !$*UTF8*$!
{
	archiveVersion = 1;
	classes = {
	};
	objectVersion = 55;
	objects = {

/* Begin PBXBuildFile section */
		2BC6A444278D6DEE002901D0 /* AppDelegate.m in Sources */ = {isa = PBXBuildFile; fileRef = 2BC6A443278D6DEE002901D0 /* AppDelegate.m */; };
		2BC6A44A278D6DEE002901D0 /* ViewController.m in Sources */ = {isa = PBXBuildFile; fileRef = 2BC6A449278D6DEE002901D0 /* ViewController.m */; };
		2BC6A44F278D6DF1002901D0 /* Assets.xcassets in Resources */ = {isa = PBXBuildFile; fileRef = 2BC6A44E278D6DF1002901D0 /* Assets.xcassets */; };
		2BC6A452278D6DF1002901D0 /* LaunchScreen.storyboard in Resources */ = {isa = PBXBuildFile; fileRef = 2BC6A450278D6DF1002901D0 /* LaunchScreen.storyboard */; };
		2BC6A455278D6DF1002901D0 /* main.m in Sources */ = {isa = PBXBuildFile; fileRef = 2BC6A454278D6DF1002901D0 /* main.m */; };
		2BC6A463278D82F9002901D0 /* GCGithubApi.m in Sources */ = {isa = PBXBuildFile; fileRef = 2BC6A462278D82F9002901D0 /* GCGithubApi.m */; };
		2BC6A466278D8472002901D0 /* GCLoginViewController.m in Sources */ = {isa = PBXBuildFile; fileRef = 2BC6A465278D8472002901D0 /* GCLoginViewController.m */; };
		2BC6A46A278D8535002901D0 /* GCTabBarController.m in Sources */ = {isa = PBXBuildFile; fileRef = 2BC6A469278D8535002901D0 /* GCTabBarController.m */; };
		2BC6A49D278DA90B002901D0 /* GCWorkSpaceViewController.m in Sources */ = {isa = PBXBuildFile; fileRef = 2BC6A49C278DA90B002901D0 /* GCWorkSpaceViewController.m */; };
		2BC6A4BF278ECB09002901D0 /* GCWorkSpaceTableViewCellModel.m in Sources */ = {isa = PBXBuildFile; fileRef = 2BC6A4BE278ECB09002901D0 /* GCWorkSpaceTableViewCellModel.m */; };
		2BC6A4C4278ED4C1002901D0 /* GCWorkSpaceTableViewCell.m in Sources */ = {isa = PBXBuildFile; fileRef = 2BC6A4C3278ED4C1002901D0 /* GCWorkSpaceTableViewCell.m */; };
		2BC6A4CD279046D4002901D0 /* GCRepositoryTableViewCell.m in Sources */ = {isa = PBXBuildFile; fileRef = 2BC6A4CC279046D4002901D0 /* GCRepositoryTableViewCell.m */; };
		2BC6A4D427915BD5002901D0 /* GCRepositoryListViewController.m in Sources */ = {isa = PBXBuildFile; fileRef = 2BC6A4D327915BD5002901D0 /* GCRepositoryListViewController.m */; };
		2BF26341279565B1000CC41C /* GCRepositoryViewController.m in Sources */ = {isa = PBXBuildFile; fileRef = 2BF26340279565B1000CC41C /* GCRepositoryViewController.m */; };
		2BF263472796A1D4000CC41C /* GCTools.m in Sources */ = {isa = PBXBuildFile; fileRef = 2BF263462796A1D4000CC41C /* GCTools.m */; };
		A5DC2F8E7F9DDFA6D64C11E3 /* libPods-GithubClient.a in Frameworks */ = {isa = PBXBuildFile; fileRef = EACFE79ED7AFAE65D9AAE33E /* libPods-GithubClient.a */; };
/* End PBXBuildFile section */

/* Begin PBXFileReference section */
		2BC6A43F278D6DEE002901D0 /* GithubClient.app */ = {isa = PBXFileReference; explicitFileType = wrapper.application; includeInIndex = 0; path = GithubClient.app; sourceTree = BUILT_PRODUCTS_DIR; };
		2BC6A442278D6DEE002901D0 /* AppDelegate.h */ = {isa = PBXFileReference; lastKnownFileType = sourcecode.c.h; path = AppDelegate.h; sourceTree = "<group>"; };
		2BC6A443278D6DEE002901D0 /* AppDelegate.m */ = {isa = PBXFileReference; lastKnownFileType = sourcecode.c.objc; path = AppDelegate.m; sourceTree = "<group>"; };
		2BC6A448278D6DEE002901D0 /* ViewController.h */ = {isa = PBXFileReference; lastKnownFileType = sourcecode.c.h; path = ViewController.h; sourceTree = "<group>"; };
		2BC6A449278D6DEE002901D0 /* ViewController.m */ = {isa = PBXFileReference; lastKnownFileType = sourcecode.c.objc; path = ViewController.m; sourceTree = "<group>"; };
		2BC6A44E278D6DF1002901D0 /* Assets.xcassets */ = {isa = PBXFileReference; lastKnownFileType = folder.assetcatalog; path = Assets.xcassets; sourceTree = "<group>"; };
		2BC6A451278D6DF1002901D0 /* Base */ = {isa = PBXFileReference; lastKnownFileType = file.storyboard; name = Base; path = Base.lproj/LaunchScreen.storyboard; sourceTree = "<group>"; };
		2BC6A453278D6DF1002901D0 /* Info.plist */ = {isa = PBXFileReference; lastKnownFileType = text.plist.xml; path = Info.plist; sourceTree = "<group>"; };
		2BC6A454278D6DF1002901D0 /* main.m */ = {isa = PBXFileReference; lastKnownFileType = sourcecode.c.objc; path = main.m; sourceTree = "<group>"; };
		2BC6A461278D82F9002901D0 /* GCGithubApi.h */ = {isa = PBXFileReference; lastKnownFileType = sourcecode.c.h; path = GCGithubApi.h; sourceTree = "<group>"; };
		2BC6A462278D82F9002901D0 /* GCGithubApi.m */ = {isa = PBXFileReference; lastKnownFileType = sourcecode.c.objc; path = GCGithubApi.m; sourceTree = "<group>"; };
		2BC6A464278D8472002901D0 /* GCLoginViewController.h */ = {isa = PBXFileReference; lastKnownFileType = sourcecode.c.h; path = GCLoginViewController.h; sourceTree = "<group>"; };
		2BC6A465278D8472002901D0 /* GCLoginViewController.m */ = {isa = PBXFileReference; lastKnownFileType = sourcecode.c.objc; path = GCLoginViewController.m; sourceTree = "<group>"; };
		2BC6A468278D8535002901D0 /* GCTabBarController.h */ = {isa = PBXFileReference; lastKnownFileType = sourcecode.c.h; path = GCTabBarController.h; sourceTree = "<group>"; };
		2BC6A469278D8535002901D0 /* GCTabBarController.m */ = {isa = PBXFileReference; lastKnownFileType = sourcecode.c.objc; path = GCTabBarController.m; sourceTree = "<group>"; };
		2BC6A49B278DA90B002901D0 /* GCWorkSpaceViewController.h */ = {isa = PBXFileReference; lastKnownFileType = sourcecode.c.h; path = GCWorkSpaceViewController.h; sourceTree = "<group>"; };
		2BC6A49C278DA90B002901D0 /* GCWorkSpaceViewController.m */ = {isa = PBXFileReference; lastKnownFileType = sourcecode.c.objc; path = GCWorkSpaceViewController.m; sourceTree = "<group>"; };
		2BC6A49E278E7C0B002901D0 /* configure.h */ = {isa = PBXFileReference; lastKnownFileType = sourcecode.c.h; path = configure.h; sourceTree = "<group>"; };
		2BC6A4BD278ECB09002901D0 /* GCWorkSpaceTableViewCellModel.h */ = {isa = PBXFileReference; lastKnownFileType = sourcecode.c.h; path = GCWorkSpaceTableViewCellModel.h; sourceTree = "<group>"; };
		2BC6A4BE278ECB09002901D0 /* GCWorkSpaceTableViewCellModel.m */ = {isa = PBXFileReference; lastKnownFileType = sourcecode.c.objc; path = GCWorkSpaceTableViewCellModel.m; sourceTree = "<group>"; };
		2BC6A4C2278ED4C1002901D0 /* GCWorkSpaceTableViewCell.h */ = {isa = PBXFileReference; lastKnownFileType = sourcecode.c.h; path = GCWorkSpaceTableViewCell.h; sourceTree = "<group>"; };
		2BC6A4C3278ED4C1002901D0 /* GCWorkSpaceTableViewCell.m */ = {isa = PBXFileReference; lastKnownFileType = sourcecode.c.objc; path = GCWorkSpaceTableViewCell.m; sourceTree = "<group>"; };
		2BC6A4CB279046D4002901D0 /* GCRepositoryTableViewCell.h */ = {isa = PBXFileReference; lastKnownFileType = sourcecode.c.h; path = GCRepositoryTableViewCell.h; sourceTree = "<group>"; };
		2BC6A4CC279046D4002901D0 /* GCRepositoryTableViewCell.m */ = {isa = PBXFileReference; lastKnownFileType = sourcecode.c.objc; path = GCRepositoryTableViewCell.m; sourceTree = "<group>"; };
		2BC6A4D227915BD5002901D0 /* GCRepositoryListViewController.h */ = {isa = PBXFileReference; lastKnownFileType = sourcecode.c.h; path = GCRepositoryListViewController.h; sourceTree = "<group>"; };
		2BC6A4D327915BD5002901D0 /* GCRepositoryListViewController.m */ = {isa = PBXFileReference; lastKnownFileType = sourcecode.c.objc; path = GCRepositoryListViewController.m; sourceTree = "<group>"; };
		2BF2633F279565B1000CC41C /* GCRepositoryViewController.h */ = {isa = PBXFileReference; lastKnownFileType = sourcecode.c.h; path = GCRepositoryViewController.h; sourceTree = "<group>"; };
		2BF26340279565B1000CC41C /* GCRepositoryViewController.m */ = {isa = PBXFileReference; lastKnownFileType = sourcecode.c.objc; path = GCRepositoryViewController.m; sourceTree = "<group>"; };
		2BF263452796A1D4000CC41C /* GCTools.h */ = {isa = PBXFileReference; lastKnownFileType = sourcecode.c.h; path = GCTools.h; sourceTree = "<group>"; };
		2BF263462796A1D4000CC41C /* GCTools.m */ = {isa = PBXFileReference; lastKnownFileType = sourcecode.c.objc; path = GCTools.m; sourceTree = "<group>"; };
		589267B079A95AC7923F0956 /* Pods-GithubClient.debug.xcconfig */ = {isa = PBXFileReference; includeInIndex = 1; lastKnownFileType = text.xcconfig; name = "Pods-GithubClient.debug.xcconfig"; path = "Target Support Files/Pods-GithubClient/Pods-GithubClient.debug.xcconfig"; sourceTree = "<group>"; };
		E89581F6215D8DBB87D592F7 /* Pods-GithubClient.release.xcconfig */ = {isa = PBXFileReference; includeInIndex = 1; lastKnownFileType = text.xcconfig; name = "Pods-GithubClient.release.xcconfig"; path = "Target Support Files/Pods-GithubClient/Pods-GithubClient.release.xcconfig"; sourceTree = "<group>"; };
		EACFE79ED7AFAE65D9AAE33E /* libPods-GithubClient.a */ = {isa = PBXFileReference; explicitFileType = archive.ar; includeInIndex = 0; path = "libPods-GithubClient.a"; sourceTree = BUILT_PRODUCTS_DIR; };
/* End PBXFileReference section */

/* Begin PBXFrameworksBuildPhase section */
		2BC6A43C278D6DEE002901D0 /* Frameworks */ = {
			isa = PBXFrameworksBuildPhase;
			buildActionMask = 2147483647;
			files = (
				A5DC2F8E7F9DDFA6D64C11E3 /* libPods-GithubClient.a in Frameworks */,
			);
			runOnlyForDeploymentPostprocessing = 0;
		};
/* End PBXFrameworksBuildPhase section */

/* Begin PBXGroup section */
		02E795E420A619A2743D08D3 /* Frameworks */ = {
			isa = PBXGroup;
			children = (
				EACFE79ED7AFAE65D9AAE33E /* libPods-GithubClient.a */,
			);
			name = Frameworks;
			sourceTree = "<group>";
		};
		2BC6A436278D6DEE002901D0 = {
			isa = PBXGroup;
			children = (
				2BF263422796A16D000CC41C /* ToolKit */,
				2BC6A460278D82D4002901D0 /* GithubAPI */,
				2BC6A441278D6DEE002901D0 /* GIthubClient */,
				2BC6A440278D6DEE002901D0 /* Products */,
				F7B69CA626AC8D18BC38DA0F /* Pods */,
				02E795E420A619A2743D08D3 /* Frameworks */,
			);
			sourceTree = "<group>";
		};
		2BC6A440278D6DEE002901D0 /* Products */ = {
			isa = PBXGroup;
			children = (
				2BC6A43F278D6DEE002901D0 /* GithubClient.app */,
			);
			name = Products;
			sourceTree = "<group>";
		};
		2BC6A441278D6DEE002901D0 /* GIthubClient */ = {
			isa = PBXGroup;
			children = (
				2BF2633E27956212000CC41C /* GCRepsitoryView */,
				2BC6A4C9279046A4002901D0 /* GCRepositoryListView */,
				2BC6A467278D84A9002901D0 /* TabBar */,
				2BC6A45F278D82BC002901D0 /* login */,
				2BC6A442278D6DEE002901D0 /* AppDelegate.h */,
				2BC6A443278D6DEE002901D0 /* AppDelegate.m */,
				2BC6A448278D6DEE002901D0 /* ViewController.h */,
				2BC6A449278D6DEE002901D0 /* ViewController.m */,
				2BC6A44E278D6DF1002901D0 /* Assets.xcassets */,
				2BC6A450278D6DF1002901D0 /* LaunchScreen.storyboard */,
				2BC6A453278D6DF1002901D0 /* Info.plist */,
				2BC6A454278D6DF1002901D0 /* main.m */,
				2BC6A49E278E7C0B002901D0 /* configure.h */,
			);
			path = GIthubClient;
			sourceTree = "<group>";
		};
		2BC6A45F278D82BC002901D0 /* login */ = {
			isa = PBXGroup;
			children = (
				2BC6A464278D8472002901D0 /* GCLoginViewController.h */,
				2BC6A465278D8472002901D0 /* GCLoginViewController.m */,
			);
			path = login;
			sourceTree = "<group>";
		};
		2BC6A460278D82D4002901D0 /* GithubAPI */ = {
			isa = PBXGroup;
			children = (
				2BC6A461278D82F9002901D0 /* GCGithubApi.h */,
				2BC6A462278D82F9002901D0 /* GCGithubApi.m */,
			);
			path = GithubAPI;
			sourceTree = "<group>";
		};
		2BC6A467278D84A9002901D0 /* TabBar */ = {
			isa = PBXGroup;
			children = (
				2BC6A49A278DA63E002901D0 /* WorkSpace */,
				2BC6A468278D8535002901D0 /* GCTabBarController.h */,
				2BC6A469278D8535002901D0 /* GCTabBarController.m */,
			);
			path = TabBar;
			sourceTree = "<group>";
		};
		2BC6A49A278DA63E002901D0 /* WorkSpace */ = {
			isa = PBXGroup;
			children = (
				2BC6A4C1278ED474002901D0 /* WorkSpaceTableViewCell */,
				2BC6A4BC278ECA93002901D0 /* WorkSpaceTableViewCellModel */,
				2BC6A49B278DA90B002901D0 /* GCWorkSpaceViewController.h */,
				2BC6A49C278DA90B002901D0 /* GCWorkSpaceViewController.m */,
			);
			path = WorkSpace;
			sourceTree = "<group>";
		};
		2BC6A4BC278ECA93002901D0 /* WorkSpaceTableViewCellModel */ = {
			isa = PBXGroup;
			children = (
				2BC6A4BD278ECB09002901D0 /* GCWorkSpaceTableViewCellModel.h */,
				2BC6A4BE278ECB09002901D0 /* GCWorkSpaceTableViewCellModel.m */,
			);
			path = WorkSpaceTableViewCellModel;
			sourceTree = "<group>";
		};
		2BC6A4C1278ED474002901D0 /* WorkSpaceTableViewCell */ = {
			isa = PBXGroup;
			children = (
				2BC6A4C2278ED4C1002901D0 /* GCWorkSpaceTableViewCell.h */,
				2BC6A4C3278ED4C1002901D0 /* GCWorkSpaceTableViewCell.m */,
			);
			path = WorkSpaceTableViewCell;
			sourceTree = "<group>";
		};
		2BC6A4C9279046A4002901D0 /* GCRepositoryListView */ = {
			isa = PBXGroup;
			children = (
				2BC6A4D227915BD5002901D0 /* GCRepositoryListViewController.h */,
				2BC6A4D327915BD5002901D0 /* GCRepositoryListViewController.m */,
				2BC6A4CB279046D4002901D0 /* GCRepositoryTableViewCell.h */,
				2BC6A4CC279046D4002901D0 /* GCRepositoryTableViewCell.m */,
			);
			path = GCRepositoryListView;
			sourceTree = "<group>";
		};
		2BF2633E27956212000CC41C /* GCRepsitoryView */ = {
			isa = PBXGroup;
			children = (
				2BF2633F279565B1000CC41C /* GCRepositoryViewController.h */,
				2BF26340279565B1000CC41C /* GCRepositoryViewController.m */,
			);
			path = GCRepsitoryView;
			sourceTree = "<group>";
		};
		2BF263422796A16D000CC41C /* ToolKit */ = {
			isa = PBXGroup;
			children = (
				2BF263452796A1D4000CC41C /* GCTools.h */,
				2BF263462796A1D4000CC41C /* GCTools.m */,
			);
			path = ToolKit;
			sourceTree = "<group>";
		};
		F7B69CA626AC8D18BC38DA0F /* Pods */ = {
			isa = PBXGroup;
			children = (
				589267B079A95AC7923F0956 /* Pods-GithubClient.debug.xcconfig */,
				E89581F6215D8DBB87D592F7 /* Pods-GithubClient.release.xcconfig */,
			);
			path = Pods;
			sourceTree = "<group>";
		};
/* End PBXGroup section */

/* Begin PBXNativeTarget section */
		2BC6A43E278D6DEE002901D0 /* GithubClient */ = {
			isa = PBXNativeTarget;
			buildConfigurationList = 2BC6A458278D6DF1002901D0 /* Build configuration list for PBXNativeTarget "GithubClient" */;
			buildPhases = (
				FFCEEF31A34CC9529C9F068A /* [CP] Check Pods Manifest.lock */,
				2BC6A43B278D6DEE002901D0 /* Sources */,
				2BC6A43C278D6DEE002901D0 /* Frameworks */,
				2BC6A43D278D6DEE002901D0 /* Resources */,
			);
			buildRules = (
			);
			dependencies = (
			);
			name = GithubClient;
			productName = GIthubClient;
			productReference = 2BC6A43F278D6DEE002901D0 /* GithubClient.app */;
			productType = "com.apple.product-type.application";
		};
/* End PBXNativeTarget section */

/* Begin PBXProject section */
		2BC6A437278D6DEE002901D0 /* Project object */ = {
			isa = PBXProject;
			attributes = {
				BuildIndependentTargetsInParallel = 1;
				CLASSPREFIX = GC;
				LastUpgradeCheck = 1320;
				ORGANIZATIONNAME = iosByYH;
				TargetAttributes = {
					2BC6A43E278D6DEE002901D0 = {
						CreatedOnToolsVersion = 13.2.1;
					};
				};
			};
			buildConfigurationList = 2BC6A43A278D6DEE002901D0 /* Build configuration list for PBXProject "GithubClient" */;
			compatibilityVersion = "Xcode 13.0";
			developmentRegion = en;
			hasScannedForEncodings = 0;
			knownRegions = (
				en,
				Base,
			);
			mainGroup = 2BC6A436278D6DEE002901D0;
			productRefGroup = 2BC6A440278D6DEE002901D0 /* Products */;
			projectDirPath = "";
			projectRoot = "";
			targets = (
				2BC6A43E278D6DEE002901D0 /* GithubClient */,
			);
		};
/* End PBXProject section */

/* Begin PBXResourcesBuildPhase section */
		2BC6A43D278D6DEE002901D0 /* Resources */ = {
			isa = PBXResourcesBuildPhase;
			buildActionMask = 2147483647;
			files = (
				2BC6A452278D6DF1002901D0 /* LaunchScreen.storyboard in Resources */,
				2BC6A44F278D6DF1002901D0 /* Assets.xcassets in Resources */,
			);
			runOnlyForDeploymentPostprocessing = 0;
		};
/* End PBXResourcesBuildPhase section */

/* Begin PBXShellScriptBuildPhase section */
		FFCEEF31A34CC9529C9F068A /* [CP] Check Pods Manifest.lock */ = {
			isa = PBXShellScriptBuildPhase;
			buildActionMask = 2147483647;
			files = (
			);
			inputFileListPaths = (
			);
			inputPaths = (
				"${PODS_PODFILE_DIR_PATH}/Podfile.lock",
				"${PODS_ROOT}/Manifest.lock",
			);
			name = "[CP] Check Pods Manifest.lock";
			outputFileListPaths = (
			);
			outputPaths = (
				"$(DERIVED_FILE_DIR)/Pods-GithubClient-checkManifestLockResult.txt",
			);
			runOnlyForDeploymentPostprocessing = 0;
			shellPath = /bin/sh;
			shellScript = "diff \"${PODS_PODFILE_DIR_PATH}/Podfile.lock\" \"${PODS_ROOT}/Manifest.lock\" > /dev/null\nif [ $? != 0 ] ; then\n    # print error to STDERR\n    echo \"error: The sandbox is not in sync with the Podfile.lock. Run 'pod install' or update your CocoaPods installation.\" >&2\n    exit 1\nfi\n# This output is used by Xcode 'outputs' to avoid re-running this script phase.\necho \"SUCCESS\" > \"${SCRIPT_OUTPUT_FILE_0}\"\n";
			showEnvVarsInLog = 0;
		};
/* End PBXShellScriptBuildPhase section */

/* Begin PBXSourcesBuildPhase section */
		2BC6A43B278D6DEE002901D0 /* Sources */ = {
			isa = PBXSourcesBuildPhase;
			buildActionMask = 2147483647;
			files = (
				2BC6A44A278D6DEE002901D0 /* ViewController.m in Sources */,
				2BC6A444278D6DEE002901D0 /* AppDelegate.m in Sources */,
				2BC6A455278D6DF1002901D0 /* main.m in Sources */,
				2BC6A4D427915BD5002901D0 /* GCRepositoryListViewController.m in Sources */,
				2BF26341279565B1000CC41C /* GCRepositoryViewController.m in Sources */,
				2BC6A49D278DA90B002901D0 /* GCWorkSpaceViewController.m in Sources */,
				2BC6A4C4278ED4C1002901D0 /* GCWorkSpaceTableViewCell.m in Sources */,
				2BC6A466278D8472002901D0 /* GCLoginViewController.m in Sources */,
				2BC6A463278D82F9002901D0 /* GCGithubApi.m in Sources */,
				2BF263472796A1D4000CC41C /* GCTools.m in Sources */,
				2BC6A4CD279046D4002901D0 /* GCRepositoryTableViewCell.m in Sources */,
				2BC6A46A278D8535002901D0 /* GCTabBarController.m in Sources */,
				2BC6A4BF278ECB09002901D0 /* GCWorkSpaceTableViewCellModel.m in Sources */,
			);
			runOnlyForDeploymentPostprocessing = 0;
		};
/* End PBXSourcesBuildPhase section */

/* Begin PBXVariantGroup section */
		2BC6A450278D6DF1002901D0 /* LaunchScreen.storyboard */ = {
			isa = PBXVariantGroup;
			children = (
				2BC6A451278D6DF1002901D0 /* Base */,
			);
			name = LaunchScreen.storyboard;
			sourceTree = "<group>";
		};
/* End PBXVariantGroup section */

/* Begin XCBuildConfiguration section */
		2BC6A456278D6DF1002901D0 /* Debug */ = {
			isa = XCBuildConfiguration;
			buildSettings = {
				ALWAYS_SEARCH_USER_PATHS = NO;
				CLANG_ANALYZER_NONNULL = YES;
				CLANG_ANALYZER_NUMBER_OBJECT_CONVERSION = YES_AGGRESSIVE;
				CLANG_CXX_LANGUAGE_STANDARD = "gnu++17";
				CLANG_CXX_LIBRARY = "libc++";
				CLANG_ENABLE_MODULES = YES;
				CLANG_ENABLE_OBJC_ARC = YES;
				CLANG_ENABLE_OBJC_WEAK = YES;
				CLANG_WARN_BLOCK_CAPTURE_AUTORELEASING = YES;
				CLANG_WARN_BOOL_CONVERSION = YES;
				CLANG_WARN_COMMA = YES;
				CLANG_WARN_CONSTANT_CONVERSION = YES;
				CLANG_WARN_DEPRECATED_OBJC_IMPLEMENTATIONS = YES;
				CLANG_WARN_DIRECT_OBJC_ISA_USAGE = YES_ERROR;
				CLANG_WARN_DOCUMENTATION_COMMENTS = YES;
				CLANG_WARN_EMPTY_BODY = YES;
				CLANG_WARN_ENUM_CONVERSION = YES;
				CLANG_WARN_INFINITE_RECURSION = YES;
				CLANG_WARN_INT_CONVERSION = YES;
				CLANG_WARN_NON_LITERAL_NULL_CONVERSION = YES;
				CLANG_WARN_OBJC_IMPLICIT_RETAIN_SELF = YES;
				CLANG_WARN_OBJC_LITERAL_CONVERSION = YES;
				CLANG_WARN_OBJC_ROOT_CLASS = YES_ERROR;
				CLANG_WARN_QUOTED_INCLUDE_IN_FRAMEWORK_HEADER = YES;
				CLANG_WARN_RANGE_LOOP_ANALYSIS = YES;
				CLANG_WARN_STRICT_PROTOTYPES = YES;
				CLANG_WARN_SUSPICIOUS_MOVE = YES;
				CLANG_WARN_UNGUARDED_AVAILABILITY = YES_AGGRESSIVE;
				CLANG_WARN_UNREACHABLE_CODE = YES;
				CLANG_WARN__DUPLICATE_METHOD_MATCH = YES;
				COPY_PHASE_STRIP = NO;
				DEBUG_INFORMATION_FORMAT = dwarf;
				ENABLE_STRICT_OBJC_MSGSEND = YES;
				ENABLE_TESTABILITY = YES;
				GCC_C_LANGUAGE_STANDARD = gnu11;
				GCC_DYNAMIC_NO_PIC = NO;
				GCC_NO_COMMON_BLOCKS = YES;
				GCC_OPTIMIZATION_LEVEL = 0;
				GCC_PREPROCESSOR_DEFINITIONS = (
					"DEBUG=1",
					"$(inherited)",
				);
				GCC_WARN_64_TO_32_BIT_CONVERSION = YES;
				GCC_WARN_ABOUT_RETURN_TYPE = YES_ERROR;
				GCC_WARN_UNDECLARED_SELECTOR = YES;
				GCC_WARN_UNINITIALIZED_AUTOS = YES_AGGRESSIVE;
				GCC_WARN_UNUSED_FUNCTION = YES;
				GCC_WARN_UNUSED_VARIABLE = YES;
				IPHONEOS_DEPLOYMENT_TARGET = 14.2;
				MTL_ENABLE_DEBUG_INFO = INCLUDE_SOURCE;
				MTL_FAST_MATH = YES;
				ONLY_ACTIVE_ARCH = YES;
				SDKROOT = iphoneos;
				SYMROOT = "$(BUILT_PRODUCTS_DIR)";
			};
			name = Debug;
		};
		2BC6A457278D6DF1002901D0 /* Release */ = {
			isa = XCBuildConfiguration;
			buildSettings = {
				ALWAYS_SEARCH_USER_PATHS = NO;
				CLANG_ANALYZER_NONNULL = YES;
				CLANG_ANALYZER_NUMBER_OBJECT_CONVERSION = YES_AGGRESSIVE;
				CLANG_CXX_LANGUAGE_STANDARD = "gnu++17";
				CLANG_CXX_LIBRARY = "libc++";
				CLANG_ENABLE_MODULES = YES;
				CLANG_ENABLE_OBJC_ARC = YES;
				CLANG_ENABLE_OBJC_WEAK = YES;
				CLANG_WARN_BLOCK_CAPTURE_AUTORELEASING = YES;
				CLANG_WARN_BOOL_CONVERSION = YES;
				CLANG_WARN_COMMA = YES;
				CLANG_WARN_CONSTANT_CONVERSION = YES;
				CLANG_WARN_DEPRECATED_OBJC_IMPLEMENTATIONS = YES;
				CLANG_WARN_DIRECT_OBJC_ISA_USAGE = YES_ERROR;
				CLANG_WARN_DOCUMENTATION_COMMENTS = YES;
				CLANG_WARN_EMPTY_BODY = YES;
				CLANG_WARN_ENUM_CONVERSION = YES;
				CLANG_WARN_INFINITE_RECURSION = YES;
				CLANG_WARN_INT_CONVERSION = YES;
				CLANG_WARN_NON_LITERAL_NULL_CONVERSION = YES;
				CLANG_WARN_OBJC_IMPLICIT_RETAIN_SELF = YES;
				CLANG_WARN_OBJC_LITERAL_CONVERSION = YES;
				CLANG_WARN_OBJC_ROOT_CLASS = YES_ERROR;
				CLANG_WARN_QUOTED_INCLUDE_IN_FRAMEWORK_HEADER = YES;
				CLANG_WARN_RANGE_LOOP_ANALYSIS = YES;
				CLANG_WARN_STRICT_PROTOTYPES = YES;
				CLANG_WARN_SUSPICIOUS_MOVE = YES;
				CLANG_WARN_UNGUARDED_AVAILABILITY = YES_AGGRESSIVE;
				CLANG_WARN_UNREACHABLE_CODE = YES;
				CLANG_WARN__DUPLICATE_METHOD_MATCH = YES;
				COPY_PHASE_STRIP = NO;
				DEBUG_INFORMATION_FORMAT = "dwarf-with-dsym";
				ENABLE_NS_ASSERTIONS = NO;
				ENABLE_STRICT_OBJC_MSGSEND = YES;
				GCC_C_LANGUAGE_STANDARD = gnu11;
				GCC_NO_COMMON_BLOCKS = YES;
				GCC_WARN_64_TO_32_BIT_CONVERSION = YES;
				GCC_WARN_ABOUT_RETURN_TYPE = YES_ERROR;
				GCC_WARN_UNDECLARED_SELECTOR = YES;
				GCC_WARN_UNINITIALIZED_AUTOS = YES_AGGRESSIVE;
				GCC_WARN_UNUSED_FUNCTION = YES;
				GCC_WARN_UNUSED_VARIABLE = YES;
				IPHONEOS_DEPLOYMENT_TARGET = 14.2;
				MTL_ENABLE_DEBUG_INFO = NO;
				MTL_FAST_MATH = YES;
				SDKROOT = iphoneos;
				SYMROOT = "$(BUILT_PRODUCTS_DIR)";
				VALIDATE_PRODUCT = YES;
			};
			name = Release;
		};
		2BC6A459278D6DF1002901D0 /* Debug */ = {
			isa = XCBuildConfiguration;
			baseConfigurationReference = 589267B079A95AC7923F0956 /* Pods-GithubClient.debug.xcconfig */;
			buildSettings = {
				ASSETCATALOG_COMPILER_APPICON_NAME = AppIcon;
				ASSETCATALOG_COMPILER_GLOBAL_ACCENT_COLOR_NAME = AccentColor;
				CODE_SIGN_STYLE = Automatic;
				CURRENT_PROJECT_VERSION = 1;
				DEVELOPMENT_TEAM = BWBYH592HW;
				GENERATE_INFOPLIST_FILE = YES;
				INFOPLIST_FILE = GIthubClient/Info.plist;
				INFOPLIST_KEY_UIApplicationSupportsIndirectInputEvents = YES;
				INFOPLIST_KEY_UILaunchStoryboardName = LaunchScreen;
				INFOPLIST_KEY_UISupportedInterfaceOrientations_iPad = "UIInterfaceOrientationPortrait UIInterfaceOrientationPortraitUpsideDown UIInterfaceOrientationLandscapeLeft UIInterfaceOrientationLandscapeRight";
				INFOPLIST_KEY_UISupportedInterfaceOrientations_iPhone = "UIInterfaceOrientationPortrait UIInterfaceOrientationLandscapeLeft UIInterfaceOrientationLandscapeRight";
				LD_RUNPATH_SEARCH_PATHS = (
					"$(inherited)",
					"@executable_path/Frameworks",
				);
				MARKETING_VERSION = 1.0;
				PRODUCT_BUNDLE_IDENTIFIER = bytedance.GIthubClient;
				PRODUCT_NAME = "$(TARGET_NAME)";
				SWIFT_EMIT_LOC_STRINGS = YES;
				SYMROOT = build;
				TARGETED_DEVICE_FAMILY = "1,2";
			};
			name = Debug;
		};
		2BC6A45A278D6DF1002901D0 /* Release */ = {
			isa = XCBuildConfiguration;
			baseConfigurationReference = E89581F6215D8DBB87D592F7 /* Pods-GithubClient.release.xcconfig */;
			buildSettings = {
				ASSETCATALOG_COMPILER_APPICON_NAME = AppIcon;
				ASSETCATALOG_COMPILER_GLOBAL_ACCENT_COLOR_NAME = AccentColor;
				CODE_SIGN_STYLE = Automatic;
				CURRENT_PROJECT_VERSION = 1;
				DEVELOPMENT_TEAM = BWBYH592HW;
				GENERATE_INFOPLIST_FILE = YES;
				INFOPLIST_FILE = GIthubClient/Info.plist;
				INFOPLIST_KEY_UIApplicationSupportsIndirectInputEvents = YES;
				INFOPLIST_KEY_UILaunchStoryboardName = LaunchScreen;
				INFOPLIST_KEY_UISupportedInterfaceOrientations_iPad = "UIInterfaceOrientationPortrait UIInterfaceOrientationPortraitUpsideDown UIInterfaceOrientationLandscapeLeft UIInterfaceOrientationLandscapeRight";
				INFOPLIST_KEY_UISupportedInterfaceOrientations_iPhone = "UIInterfaceOrientationPortrait UIInterfaceOrientationLandscapeLeft UIInterfaceOrientationLandscapeRight";
				LD_RUNPATH_SEARCH_PATHS = (
					"$(inherited)",
					"@executable_path/Frameworks",
				);
				MARKETING_VERSION = 1.0;
				PRODUCT_BUNDLE_IDENTIFIER = bytedance.GIthubClient;
				PRODUCT_NAME = "$(TARGET_NAME)";
				SWIFT_EMIT_LOC_STRINGS = YES;
				SYMROOT = build;
				TARGETED_DEVICE_FAMILY = "1,2";
			};
			name = Release;
		};
/* End XCBuildConfiguration section */

/* Begin XCConfigurationList section */
		2BC6A43A278D6DEE002901D0 /* Build configuration list for PBXProject "GithubClient" */ = {
			isa = XCConfigurationList;
			buildConfigurations = (
				2BC6A456278D6DF1002901D0 /* Debug */,
				2BC6A457278D6DF1002901D0 /* Release */,
			);
			defaultConfigurationIsVisible = 0;
			defaultConfigurationName = Release;
		};
		2BC6A458278D6DF1002901D0 /* Build configuration list for PBXNativeTarget "GithubClient" */ = {
			isa = XCConfigurationList;
			buildConfigurations = (
				2BC6A459278D6DF1002901D0 /* Debug */,
				2BC6A45A278D6DF1002901D0 /* Release */,
			);
			defaultConfigurationIsVisible = 0;
			defaultConfigurationName = Release;
		};
/* End XCConfigurationList section */
	};
	rootObject = 2BC6A437278D6DEE002901D0 /* Project object */;
}
